
Microsoft Visual Studio Solution File, Format Version 12.00
# Visual Studio Version 16
VisualStudioVersion = 16.0.31321.278
MinimumVisualStudioVersion = 10.0.40219.1
Project("{FAE04EC0-301F-11D3-BF4B-00C04F79EFBC}") = "Class Library og Unit Test", "Class Library og Unit Test\Class Library og Unit Test.csproj", "{AEA39EA7-E6F7-44F3-AD39-F96556B46940}"
EndProject
Project("{FAE04EC0-301F-11D3-BF4B-00C04F79EFBC}") = "Class Library og Unit TestTests", "Class Library og Unit TestTests\Class Library og Unit TestTests.csproj", "{95F33099-990A-4F48-9EDE-1E221580413D}"
EndProject
Global
	GlobalSection(SolutionConfigurationPlatforms) = preSolution
		Debug|Any CPU = Debug|Any CPU
		Release|Any CPU = Release|Any CPU
	EndGlobalSection
	GlobalSection(ProjectConfigurationPlatforms) = postSolution
		{AEA39EA7-E6F7-44F3-AD39-F96556B46940}.Debug|Any CPU.ActiveCfg = Debug|Any CPU
		{AEA39EA7-E6F7-44F3-AD39-F96556B46940}.Debug|Any CPU.Build.0 = Debug|Any CPU
		{AEA39EA7-E6F7-44F3-AD39-F96556B46940}.Release|Any CPU.ActiveCfg = Release|Any CPU
		{AEA39EA7-E6F7-44F3-AD39-F96556B46940}.Release|Any CPU.Build.0 = Release|Any CPU
		{95F33099-990A-4F48-9EDE-1E221580413D}.Debug|Any CPU.ActiveCfg = Debug|Any CPU
		{95F33099-990A-4F48-9EDE-1E221580413D}.Debug|Any CPU.Build.0 = Debug|Any CPU
		{95F33099-990A-4F48-9EDE-1E221580413D}.Release|Any CPU.ActiveCfg = Release|Any CPU
		{95F33099-990A-4F48-9EDE-1E221580413D}.Release|Any CPU.Build.0 = Release|Any CPU
	EndGlobalSection
	GlobalSection(SolutionProperties) = preSolution
		HideSolutionNode = FALSE
	EndGlobalSection
	GlobalSection(ExtensibilityGlobals) = postSolution
		SolutionGuid = {CD34F61F-FACA-469B-8891-EAAD86A93117}
	EndGlobalSection
EndGlobal
